
Microsoft Visual Studio Solution File, Format Version 12.00
# Visual Studio Version 16
VisualStudioVersion = 16.0.30907.101
MinimumVisualStudioVersion = 10.0.40219.1
Project("{FAE04EC0-301F-11D3-BF4B-00C04F79EFBC}") = "ControleDeEstoque", "ControleDeEstoque\ControleDeEstoque.csproj", "{8EAFA195-840D-4CEF-A42F-4CBEBABA2754}"
EndProject
Global
	GlobalSection(SolutionConfigurationPlatforms) = preSolution
		Debug|Any CPU = Debug|Any CPU
		Release|Any CPU = Release|Any CPU
	EndGlobalSection
	GlobalSection(ProjectConfigurationPlatforms) = postSolution
		{8EAFA195-840D-4CEF-A42F-4CBEBABA2754}.Debug|Any CPU.ActiveCfg = Debug|Any CPU
		{8EAFA195-840D-4CEF-A42F-4CBEBABA2754}.Debug|Any CPU.Build.0 = Debug|Any CPU
		{8EAFA195-840D-4CEF-A42F-4CBEBABA2754}.Release|Any CPU.ActiveCfg = Release|Any CPU
		{8EAFA195-840D-4CEF-A42F-4CBEBABA2754}.Release|Any CPU.Build.0 = Release|Any CPU
	EndGlobalSection
	GlobalSection(SolutionProperties) = preSolution
		HideSolutionNode = FALSE
	EndGlobalSection
	GlobalSection(ExtensibilityGlobals) = postSolution
		SolutionGuid = {5433DEEA-0283-4824-9D71-36A4CECC31E0}
	EndGlobalSection
EndGlobal
